
Microsoft Visual Studio Solution File, Format Version 12.00
# Visual Studio Version 16
VisualStudioVersion = 16.0.31624.102
MinimumVisualStudioVersion = 10.0.40219.1
Project("{FAE04EC0-301F-11D3-BF4B-00C04F79EFBC}") = "GenericDatatype", "GenericDatatype.csproj", "{F22FB2F8-04AC-47CD-BE6D-8399710B566D}"
EndProject
Global
	GlobalSection(SolutionConfigurationPlatforms) = preSolution
		Debug|Any CPU = Debug|Any CPU
		Release|Any CPU = Release|Any CPU
	EndGlobalSection
	GlobalSection(ProjectConfigurationPlatforms) = postSolution
		{F22FB2F8-04AC-47CD-BE6D-8399710B566D}.Debug|Any CPU.ActiveCfg = Debug|Any CPU
		{F22FB2F8-04AC-47CD-BE6D-8399710B566D}.Debug|Any CPU.Build.0 = Debug|Any CPU
		{F22FB2F8-04AC-47CD-BE6D-8399710B566D}.Release|Any CPU.ActiveCfg = Release|Any CPU
		{F22FB2F8-04AC-47CD-BE6D-8399710B566D}.Release|Any CPU.Build.0 = Release|Any CPU
	EndGlobalSection
	GlobalSection(SolutionProperties) = preSolution
		HideSolutionNode = FALSE
	EndGlobalSection
	GlobalSection(ExtensibilityGlobals) = postSolution
		SolutionGuid = {5B2AA87F-8562-4EF0-B25C-073A0962AC78}
	EndGlobalSection
EndGlobal
